
Microsoft Visual Studio Solution File, Format Version 12.00
# Visual Studio Version 17
VisualStudioVersion = 17.1.32414.318
MinimumVisualStudioVersion = 10.0.40219.1
Project("{9A19103F-16F7-4668-BE54-9A1E7A4F7556}") = "DataAccess", "DataAccess\DataAccess.csproj", "{7D5DC275-9162-4422-BB7C-74B028D1D91E}"
EndProject
Project("{9A19103F-16F7-4668-BE54-9A1E7A4F7556}") = "Business", "Business\Business.csproj", "{70AFD7EB-B4DC-4530-8643-A366ABC33629}"
EndProject
Project("{9A19103F-16F7-4668-BE54-9A1E7A4F7556}") = "Entities", "Entities\Entities.csproj", "{10D3C4CB-AEE5-45E6-A771-327162819D12}"
EndProject
Project("{9A19103F-16F7-4668-BE54-9A1E7A4F7556}") = "ConsoleUI", "ConsoleUI\ConsoleUI.csproj", "{92D1A973-22D3-4EC1-95E4-5B6882C1BFFD}"
EndProject
Project("{9A19103F-16F7-4668-BE54-9A1E7A4F7556}") = "Core", "Core\Core.csproj", "{F2EA9177-BD7E-4EE7-9B2D-E02BE1DAE534}"
EndProject
Project("{FAE04EC0-301F-11D3-BF4B-00C04F79EFBC}") = "WebAPI", "WebAPI\WebAPI.csproj", "{3346B6FD-A314-40E0-8206-8ACFC542F26A}"
EndProject
Global
	GlobalSection(SolutionConfigurationPlatforms) = preSolution
		Debug|Any CPU = Debug|Any CPU
		Release|Any CPU = Release|Any CPU
	EndGlobalSection
	GlobalSection(ProjectConfigurationPlatforms) = postSolution
		{7D5DC275-9162-4422-BB7C-74B028D1D91E}.Debug|Any CPU.ActiveCfg = Debug|Any CPU
		{7D5DC275-9162-4422-BB7C-74B028D1D91E}.Debug|Any CPU.Build.0 = Debug|Any CPU
		{7D5DC275-9162-4422-BB7C-74B028D1D91E}.Release|Any CPU.ActiveCfg = Release|Any CPU
		{7D5DC275-9162-4422-BB7C-74B028D1D91E}.Release|Any CPU.Build.0 = Release|Any CPU
		{70AFD7EB-B4DC-4530-8643-A366ABC33629}.Debug|Any CPU.ActiveCfg = Debug|Any CPU
		{70AFD7EB-B4DC-4530-8643-A366ABC33629}.Debug|Any CPU.Build.0 = Debug|Any CPU
		{70AFD7EB-B4DC-4530-8643-A366ABC33629}.Release|Any CPU.ActiveCfg = Release|Any CPU
		{70AFD7EB-B4DC-4530-8643-A366ABC33629}.Release|Any CPU.Build.0 = Release|Any CPU
		{10D3C4CB-AEE5-45E6-A771-327162819D12}.Debug|Any CPU.ActiveCfg = Debug|Any CPU
		{10D3C4CB-AEE5-45E6-A771-327162819D12}.Debug|Any CPU.Build.0 = Debug|Any CPU
		{10D3C4CB-AEE5-45E6-A771-327162819D12}.Release|Any CPU.ActiveCfg = Release|Any CPU
		{10D3C4CB-AEE5-45E6-A771-327162819D12}.Release|Any CPU.Build.0 = Release|Any CPU
		{92D1A973-22D3-4EC1-95E4-5B6882C1BFFD}.Debug|Any CPU.ActiveCfg = Debug|Any CPU
		{92D1A973-22D3-4EC1-95E4-5B6882C1BFFD}.Debug|Any CPU.Build.0 = Debug|Any CPU
		{92D1A973-22D3-4EC1-95E4-5B6882C1BFFD}.Release|Any CPU.ActiveCfg = Release|Any CPU
		{92D1A973-22D3-4EC1-95E4-5B6882C1BFFD}.Release|Any CPU.Build.0 = Release|Any CPU
		{F2EA9177-BD7E-4EE7-9B2D-E02BE1DAE534}.Debug|Any CPU.ActiveCfg = Debug|Any CPU
		{F2EA9177-BD7E-4EE7-9B2D-E02BE1DAE534}.Debug|Any CPU.Build.0 = Debug|Any CPU
		{F2EA9177-BD7E-4EE7-9B2D-E02BE1DAE534}.Release|Any CPU.ActiveCfg = Release|Any CPU
		{F2EA9177-BD7E-4EE7-9B2D-E02BE1DAE534}.Release|Any CPU.Build.0 = Release|Any CPU
		{3346B6FD-A314-40E0-8206-8ACFC542F26A}.Debug|Any CPU.ActiveCfg = Debug|Any CPU
		{3346B6FD-A314-40E0-8206-8ACFC542F26A}.Debug|Any CPU.Build.0 = Debug|Any CPU
		{3346B6FD-A314-40E0-8206-8ACFC542F26A}.Release|Any CPU.ActiveCfg = Release|Any CPU
		{3346B6FD-A314-40E0-8206-8ACFC542F26A}.Release|Any CPU.Build.0 = Release|Any CPU
	EndGlobalSection
	GlobalSection(SolutionProperties) = preSolution
		HideSolutionNode = FALSE
	EndGlobalSection
	GlobalSection(ExtensibilityGlobals) = postSolution
		SolutionGuid = {86EFFE6A-544C-4746-8F5A-2996311745C4}
	EndGlobalSection
EndGlobal
